
Microsoft Visual Studio Solution File, Format Version 12.00
# Visual Studio Version 17
VisualStudioVersion = 17.4.33213.308
MinimumVisualStudioVersion = 10.0.40219.1
Project("{FAE04EC0-301F-11D3-BF4B-00C04F79EFBC}") = "SalesWebMvc", "SalesWebMvc\SalesWebMvc.csproj", "{A5604B5C-41BD-427A-8F75-0F31B85FA1C3}"
EndProject
Global
	GlobalSection(SolutionConfigurationPlatforms) = preSolution
		Debug|Any CPU = Debug|Any CPU
		Release|Any CPU = Release|Any CPU
	EndGlobalSection
	GlobalSection(ProjectConfigurationPlatforms) = postSolution
		{A5604B5C-41BD-427A-8F75-0F31B85FA1C3}.Debug|Any CPU.ActiveCfg = Debug|Any CPU
		{A5604B5C-41BD-427A-8F75-0F31B85FA1C3}.Debug|Any CPU.Build.0 = Debug|Any CPU
		{A5604B5C-41BD-427A-8F75-0F31B85FA1C3}.Release|Any CPU.ActiveCfg = Release|Any CPU
		{A5604B5C-41BD-427A-8F75-0F31B85FA1C3}.Release|Any CPU.Build.0 = Release|Any CPU
	EndGlobalSection
	GlobalSection(SolutionProperties) = preSolution
		HideSolutionNode = FALSE
	EndGlobalSection
	GlobalSection(ExtensibilityGlobals) = postSolution
		SolutionGuid = {982ECB4D-0373-4C7D-A97F-EEA49BC85E70}
	EndGlobalSection
EndGlobal
